# THIS IS AN AUTOGENERATED FILE. DO NOT EDIT THIS FILE DIRECTLY.
# yarn lockfile v1


"@hapi/accept@^5.0.1":
  version "5.0.1"
  resolved "https://registry.npmjs.org/@hapi/accept/-/accept-5.0.1.tgz"
  dependencies:
    "@hapi/boom" "9.x.x"
    "@hapi/hoek" "9.x.x"

"@hapi/address@2.x.x", "@hapi/address@^2.1.2":
  version "2.1.2"
  resolved "https://registry.npmjs.org/@hapi/address/-/address-2.1.2.tgz"

"@hapi/address@^4.0.1":
  version "4.1.0"
  resolved "https://registry.npmjs.org/@hapi/address/-/address-4.1.0.tgz"
  dependencies:
    "@hapi/hoek" "^9.0.0"

"@hapi/ammo@3.x.x":
  version "3.1.2"
  resolved "https://registry.npmjs.org/@hapi/ammo/-/ammo-3.1.2.tgz"
  dependencies:
    "@hapi/hoek" "8.x.x"

"@hapi/ammo@^5.0.1":
  version "5.0.1"
  resolved "https://registry.npmjs.org/@hapi/ammo/-/ammo-5.0.1.tgz"
  dependencies:
    "@hapi/hoek" "9.x.x"

"@hapi/b64@5.x.x":
  version "5.0.0"
  resolved "https://registry.npmjs.org/@hapi/b64/-/b64-5.0.0.tgz"
  dependencies:
    "@hapi/hoek" "9.x.x"

"@hapi/basic@^5.1.1":
  version "5.1.1"
  resolved "https://registry.npmjs.org/@hapi/basic/-/basic-5.1.1.tgz"
  dependencies:
    "@hapi/boom" "7.x.x"
    "@hapi/hoek" "8.x.x"

"@hapi/boom@7.x.x", "@hapi/boom@^7.1.1":
  version "7.4.11"
  resolved "https://registry.npmjs.org/@hapi/boom/-/boom-7.4.11.tgz"
  dependencies:
    "@hapi/hoek" "8.x.x"

"@hapi/boom@9.x.x":
  version "9.1.0"
  resolved "https://registry.npmjs.org/@hapi/boom/-/boom-9.1.0.tgz"
  dependencies:
    "@hapi/hoek" "9.x.x"

"@hapi/bounce@1.x.x":
  version "1.3.2"
  resolved "https://registry.npmjs.org/@hapi/bounce/-/bounce-1.3.2.tgz"
  dependencies:
    "@hapi/boom" "7.x.x"
    "@hapi/hoek" "^8.3.1"

"@hapi/bounce@2.x.x":
  version "2.0.0"
  resolved "https://registry.npmjs.org/@hapi/bounce/-/bounce-2.0.0.tgz"
  dependencies:
    "@hapi/boom" "9.x.x"
    "@hapi/hoek" "9.x.x"

"@hapi/bourne@1.x.x":
  version "1.3.2"
  resolved "https://registry.npmjs.org/@hapi/bourne/-/bourne-1.3.2.tgz"

"@hapi/bourne@2.x.x":
  version "2.0.0"
  resolved "https://registry.npmjs.org/@hapi/bourne/-/bourne-2.0.0.tgz"

"@hapi/call@8.x.x":
  version "8.0.1"
  resolved "https://registry.npmjs.org/@hapi/call/-/call-8.0.1.tgz"
  dependencies:
    "@hapi/boom" "9.x.x"
    "@hapi/hoek" "9.x.x"

"@hapi/catbox-memory@5.x.x":
  version "5.0.0"
  resolved "https://registry.npmjs.org/@hapi/catbox-memory/-/catbox-memory-5.0.0.tgz"
  dependencies:
    "@hapi/boom" "9.x.x"
    "@hapi/hoek" "9.x.x"

"@hapi/catbox@11.x.x":
  version "11.1.1"
  resolved "https://registry.npmjs.org/@hapi/catbox/-/catbox-11.1.1.tgz"
  dependencies:
    "@hapi/boom" "9.x.x"
    "@hapi/hoek" "9.x.x"
    "@hapi/podium" "4.x.x"
    "@hapi/validate" "1.x.x"

"@hapi/content@^5.0.2":
  version "5.0.2"
  resolved "https://registry.npmjs.org/@hapi/content/-/content-5.0.2.tgz"
  dependencies:
    "@hapi/boom" "9.x.x"

"@hapi/cookie@^10.1.2":
  version "10.1.2"
  resolved "https://registry.npmjs.org/@hapi/cookie/-/cookie-10.1.2.tgz"
  dependencies:
    "@hapi/boom" "7.x.x"
    "@hapi/bounce" "1.x.x"
    "@hapi/hoek" "8.x.x"
    "@hapi/joi" "16.x.x"

"@hapi/cryptiles@5.x.x":
  version "5.1.0"
  resolved "https://registry.npmjs.org/@hapi/cryptiles/-/cryptiles-5.1.0.tgz"
  dependencies:
    "@hapi/boom" "9.x.x"

"@hapi/file@2.x.x":
  version "2.0.0"
  resolved "https://registry.npmjs.org/@hapi/file/-/file-2.0.0.tgz"

"@hapi/formula@^1.2.0":
  version "1.2.0"
  resolved "https://registry.npmjs.org/@hapi/formula/-/formula-1.2.0.tgz"

"@hapi/formula@^2.0.0":
  version "2.0.0"
  resolved "https://registry.npmjs.org/@hapi/formula/-/formula-2.0.0.tgz"

"@hapi/hapi@^19.1.1":
  version "19.1.1"
  resolved "https://registry.npmjs.org/@hapi/hapi/-/hapi-19.1.1.tgz"
  dependencies:
    "@hapi/accept" "^5.0.1"
    "@hapi/ammo" "^5.0.1"
    "@hapi/boom" "9.x.x"
    "@hapi/bounce" "2.x.x"
    "@hapi/call" "8.x.x"
    "@hapi/catbox" "11.x.x"
    "@hapi/catbox-memory" "5.x.x"
    "@hapi/heavy" "7.x.x"
    "@hapi/hoek" "9.x.x"
    "@hapi/joi" "17.x.x"
    "@hapi/mimos" "5.x.x"
    "@hapi/podium" "4.x.x"
    "@hapi/shot" "5.x.x"
    "@hapi/somever" "3.x.x"
    "@hapi/statehood" "^7.0.2"
    "@hapi/subtext" "^7.0.3"
    "@hapi/teamwork" "4.x.x"
    "@hapi/topo" "5.x.x"

"@hapi/heavy@7.x.x":
  version "7.0.1"
  resolved "https://registry.npmjs.org/@hapi/heavy/-/heavy-7.0.1.tgz"
  dependencies:
    "@hapi/boom" "9.x.x"
    "@hapi/hoek" "9.x.x"
    "@hapi/validate" "1.x.x"

"@hapi/hoek@8.x.x", "@hapi/hoek@^8.2.4", "@hapi/hoek@^8.3.0", "@hapi/hoek@^8.3.1":
  version "8.5.0"
  resolved "https://registry.npmjs.org/@hapi/hoek/-/hoek-8.5.0.tgz"

"@hapi/hoek@9.x.x", "@hapi/hoek@^9.0.0", "@hapi/hoek@^9.0.4":
  version "9.1.0"
  resolved "https://registry.npmjs.org/@hapi/hoek/-/hoek-9.1.0.tgz"

"@hapi/hoek@^6.1.2":
  version "6.2.4"
  resolved "https://registry.npmjs.org/@hapi/hoek/-/hoek-6.2.4.tgz"

"@hapi/inert@^5.2.2":
  version "5.2.2"
  resolved "https://registry.npmjs.org/@hapi/inert/-/inert-5.2.2.tgz"
  dependencies:
    "@hapi/ammo" "3.x.x"
    "@hapi/boom" "7.x.x"
    "@hapi/bounce" "1.x.x"
    "@hapi/hoek" "8.x.x"
    "@hapi/joi" "16.x.x"
    lru-cache "4.1.x"

"@hapi/iron@6.x.x":
  version "6.0.0"
  resolved "https://registry.npmjs.org/@hapi/iron/-/iron-6.0.0.tgz"
  dependencies:
    "@hapi/b64" "5.x.x"
    "@hapi/boom" "9.x.x"
    "@hapi/bourne" "2.x.x"
    "@hapi/cryptiles" "5.x.x"
    "@hapi/hoek" "9.x.x"

"@hapi/joi@16.x.x":
  version "16.1.7"
  resolved "https://registry.npmjs.org/@hapi/joi/-/joi-16.1.7.tgz"
  dependencies:
    "@hapi/address" "^2.1.2"
    "@hapi/formula" "^1.2.0"
    "@hapi/hoek" "^8.2.4"
    "@hapi/pinpoint" "^1.0.2"
    "@hapi/topo" "^3.1.3"

"@hapi/joi@17.x.x":
  version "17.1.1"
  resolved "https://registry.npmjs.org/@hapi/joi/-/joi-17.1.1.tgz"
  dependencies:
    "@hapi/address" "^4.0.1"
    "@hapi/formula" "^2.0.0"
    "@hapi/hoek" "^9.0.0"
    "@hapi/pinpoint" "^2.0.0"
    "@hapi/topo" "^5.0.0"

"@hapi/joi@^15.0.1":
  version "15.1.1"
  resolved "https://registry.npmjs.org/@hapi/joi/-/joi-15.1.1.tgz"
  dependencies:
    "@hapi/address" "2.x.x"
    "@hapi/bourne" "1.x.x"
    "@hapi/hoek" "8.x.x"
    "@hapi/topo" "3.x.x"

"@hapi/mimos@5.x.x":
  version "5.0.0"
  resolved "https://registry.npmjs.org/@hapi/mimos/-/mimos-5.0.0.tgz"
  dependencies:
    "@hapi/hoek" "9.x.x"
    mime-db "1.x.x"

"@hapi/nigel@4.x.x":
  version "4.0.2"
  resolved "https://registry.npmjs.org/@hapi/nigel/-/nigel-4.0.2.tgz"
  dependencies:
    "@hapi/hoek" "^9.0.4"
    "@hapi/vise" "^4.0.0"

"@hapi/pez@^5.0.1":
  version "5.0.3"
  resolved "https://registry.npmjs.org/@hapi/pez/-/pez-5.0.3.tgz"
  dependencies:
    "@hapi/b64" "5.x.x"
    "@hapi/boom" "9.x.x"
    "@hapi/content" "^5.0.2"
    "@hapi/hoek" "9.x.x"
    "@hapi/nigel" "4.x.x"

"@hapi/pinpoint@^1.0.2":
  version "1.0.2"
  resolved "https://registry.npmjs.org/@hapi/pinpoint/-/pinpoint-1.0.2.tgz"

"@hapi/pinpoint@^2.0.0":
  version "2.0.0"
  resolved "https://registry.npmjs.org/@hapi/pinpoint/-/pinpoint-2.0.0.tgz"

"@hapi/podium@4.x.x":
  version "4.1.1"
  resolved "https://registry.npmjs.org/@hapi/podium/-/podium-4.1.1.tgz"
  dependencies:
    "@hapi/hoek" "9.x.x"
    "@hapi/teamwork" "5.x.x"
    "@hapi/validate" "1.x.x"

"@hapi/shot@5.x.x":
  version "5.0.3"
  resolved "https://registry.npmjs.org/@hapi/shot/-/shot-5.0.3.tgz"
  dependencies:
    "@hapi/hoek" "9.x.x"
    "@hapi/validate" "1.x.x"

"@hapi/somever@3.x.x":
  version "3.0.0"
  resolved "https://registry.npmjs.org/@hapi/somever/-/somever-3.0.0.tgz"
  dependencies:
    "@hapi/bounce" "2.x.x"
    "@hapi/hoek" "9.x.x"

"@hapi/statehood@^7.0.2":
  version "7.0.3"
  resolved "https://registry.npmjs.org/@hapi/statehood/-/statehood-7.0.3.tgz"
  dependencies:
    "@hapi/boom" "9.x.x"
    "@hapi/bounce" "2.x.x"
    "@hapi/bourne" "2.x.x"
    "@hapi/cryptiles" "5.x.x"
    "@hapi/hoek" "9.x.x"
    "@hapi/iron" "6.x.x"
    "@hapi/validate" "1.x.x"

"@hapi/subtext@^7.0.3":
  version "7.0.3"
  resolved "https://registry.npmjs.org/@hapi/subtext/-/subtext-7.0.3.tgz"
  dependencies:
    "@hapi/boom" "9.x.x"
    "@hapi/bourne" "2.x.x"
    "@hapi/content" "^5.0.2"
    "@hapi/file" "2.x.x"
    "@hapi/hoek" "9.x.x"
    "@hapi/pez" "^5.0.1"
    "@hapi/wreck" "17.x.x"

"@hapi/teamwork@4.x.x":
  version "4.0.0"
  resolved "https://registry.npmjs.org/@hapi/teamwork/-/teamwork-4.0.0.tgz"

"@hapi/teamwork@5.x.x":
  version "5.1.0"
  resolved "https://registry.npmjs.org/@hapi/teamwork/-/teamwork-5.1.0.tgz"

"@hapi/topo@3.x.x", "@hapi/topo@^3.1.3":
  version "3.1.6"
  resolved "https://registry.npmjs.org/@hapi/topo/-/topo-3.1.6.tgz"
  dependencies:
    "@hapi/hoek" "^8.3.0"

"@hapi/topo@5.x.x", "@hapi/topo@^5.0.0":
  version "5.0.0"
  resolved "https://registry.npmjs.org/@hapi/topo/-/topo-5.0.0.tgz"
  dependencies:
    "@hapi/hoek" "^9.0.0"

"@hapi/validate@1.x.x":
  version "1.1.2"
  resolved "https://registry.npmjs.org/@hapi/validate/-/validate-1.1.2.tgz"
  dependencies:
    "@hapi/hoek" "^9.0.0"
    "@hapi/topo" "^5.0.0"

"@hapi/vise@^4.0.0":
  version "4.0.0"
  resolved "https://registry.npmjs.org/@hapi/vise/-/vise-4.0.0.tgz"
  dependencies:
    "@hapi/hoek" "9.x.x"

"@hapi/vision@^5.5.4":
  version "5.5.4"
  resolved "https://registry.npmjs.org/@hapi/vision/-/vision-5.5.4.tgz"
  dependencies:
    "@hapi/boom" "7.x.x"
    "@hapi/bounce" "1.x.x"
    "@hapi/hoek" "8.x.x"
    "@hapi/joi" "16.x.x"

"@hapi/wreck@17.x.x":
  version "17.0.0"
  resolved "https://registry.npmjs.org/@hapi/wreck/-/wreck-17.0.0.tgz"
  dependencies:
    "@hapi/boom" "9.x.x"
    "@hapi/bourne" "2.x.x"
    "@hapi/hoek" "9.x.x"

"@types/geojson@^7946.0.7":
  version "7946.0.7"
  resolved "https://registry.npmjs.org/@types/geojson/-/geojson-7946.0.7.tgz"

"@types/node@^12.7.5":
  version "12.11.7"
  resolved "https://registry.npmjs.org/@types/node/-/node-12.11.7.tgz"

abbrev@1:
  version "1.1.1"
  resolved "https://registry.npmjs.org/abbrev/-/abbrev-1.1.1.tgz"

ammo@3.x.x:
  version "3.0.3"
  resolved "https://registry.npmjs.org/ammo/-/ammo-3.0.3.tgz"
  dependencies:
    hoek "6.x.x"

ansi-regex@^2.0.0:
  version "2.1.1"
  resolved "https://registry.npmjs.org/ansi-regex/-/ansi-regex-2.1.1.tgz"

aproba@^1.0.3:
  version "1.2.0"
  resolved "https://registry.npmjs.org/aproba/-/aproba-1.2.0.tgz"

are-we-there-yet@~1.1.2:
  version "1.1.7"
  resolved "https://registry.npmjs.org/are-we-there-yet/-/are-we-there-yet-1.1.7.tgz"
  dependencies:
    delegates "^1.0.0"
    readable-stream "^2.0.6"

argparse@^1.0.7:
  version "1.0.10"
  resolved "https://registry.npmjs.org/argparse/-/argparse-1.0.10.tgz"
  dependencies:
    sprintf-js "~1.0.2"

assert@^1.5.0:
  version "1.5.0"
  resolved "https://registry.npmjs.org/assert/-/assert-1.5.0.tgz"
  dependencies:
    object-assign "^4.1.1"
    util "0.10.3"

async-limiter@~1.0.0:
  version "1.0.1"
  resolved "https://registry.npmjs.org/async-limiter/-/async-limiter-1.0.1.tgz"

async@^2.6.1:
  version "2.6.2"
  resolved "https://registry.npmjs.org/async/-/async-2.6.2.tgz"
  dependencies:
    lodash "^4.17.11"

balanced-match@^1.0.0:
  version "1.0.0"
  resolved "https://registry.npmjs.org/balanced-match/-/balanced-match-1.0.0.tgz"

base64-js@^1.3.0:
  version "1.3.1"
  resolved "https://registry.npmjs.org/base64-js/-/base64-js-1.3.1.tgz"

bcrypt@^5.0.0:
  version "5.0.0"
  resolved "https://registry.npmjs.org/bcrypt/-/bcrypt-5.0.0.tgz"
  dependencies:
    node-addon-api "^3.0.0"
    node-pre-gyp "0.15.0"

bl@^1.2.2:
  version "1.2.3"
  resolved "https://registry.npmjs.org/bl/-/bl-1.2.3.tgz"
  dependencies:
    readable-stream "^2.3.5"
    safe-buffer "^5.1.1"

boom@7.x.x:
  version "7.3.0"
  resolved "https://registry.npmjs.org/boom/-/boom-7.3.0.tgz"
  dependencies:
    hoek "6.x.x"

bounce@1.x.x:
  version "1.2.3"
  resolved "https://registry.npmjs.org/bounce/-/bounce-1.2.3.tgz"
  dependencies:
    boom "7.x.x"
    hoek "6.x.x"

brace-expansion@^1.1.7:
  version "1.1.11"
  resolved "https://registry.npmjs.org/brace-expansion/-/brace-expansion-1.1.11.tgz"
  dependencies:
    balanced-match "^1.0.0"
    concat-map "0.0.1"

buffer-from@^1.0.0:
  version "1.1.1"
  resolved "https://registry.npmjs.org/buffer-from/-/buffer-from-1.1.1.tgz"

buffer-writer@2.0.0:
  version "2.0.0"
  resolved "https://registry.npmjs.org/buffer-writer/-/buffer-writer-2.0.0.tgz"

call-me-maybe@^1.0.1:
  version "1.0.1"
  resolved "https://registry.npmjs.org/call-me-maybe/-/call-me-maybe-1.0.1.tgz"

callback-stream@^1.0.2:
  version "1.1.0"
  resolved "https://registry.npmjs.org/callback-stream/-/callback-stream-1.1.0.tgz"
  dependencies:
    inherits "^2.0.1"
    readable-stream "> 1.0.0 < 3.0.0"

chownr@^1.1.4:
  version "1.1.4"
  resolved "https://registry.npmjs.org/chownr/-/chownr-1.1.4.tgz"

code-point-at@^1.0.0:
  version "1.1.0"
  resolved "https://registry.npmjs.org/code-point-at/-/code-point-at-1.1.0.tgz"

color-convert@^1.9.1:
  version "1.9.3"
  resolved "https://registry.npmjs.org/color-convert/-/color-convert-1.9.3.tgz"
  dependencies:
    color-name "1.1.3"

color-name@1.1.3, color-name@^1.0.0:
  version "1.1.3"
  resolved "https://registry.npmjs.org/color-name/-/color-name-1.1.3.tgz"

color-string@^1.5.2:
  version "1.9.0"
  resolved "https://registry.npmjs.org/color-string/-/color-string-1.9.0.tgz"
  dependencies:
    color-name "^1.0.0"
    simple-swizzle "^0.2.2"

color@3.0.x:
  version "3.0.0"
  resolved "https://registry.npmjs.org/color/-/color-3.0.0.tgz"
  dependencies:
    color-convert "^1.9.1"
    color-string "^1.5.2"

colornames@^1.1.1:
  version "1.1.1"
  resolved "https://registry.npmjs.org/colornames/-/colornames-1.1.1.tgz"

colors@^1.2.1:
  version "1.3.3"
  resolved "https://registry.npmjs.org/colors/-/colors-1.3.3.tgz"

colorspace@1.1.x:
  version "1.1.1"
  resolved "https://registry.npmjs.org/colorspace/-/colorspace-1.1.1.tgz"
  dependencies:
    color "3.0.x"
    text-hex "1.0.x"

commander@^2.7.1, commander@~2.20.3:
  version "2.20.3"
  resolved "https://registry.npmjs.org/commander/-/commander-2.20.3.tgz"

commist@^1.0.0:
  version "1.1.0"
  resolved "https://registry.npmjs.org/commist/-/commist-1.1.0.tgz"
  dependencies:
    leven "^2.1.0"
    minimist "^1.1.0"

concat-map@0.0.1:
  version "0.0.1"
  resolved "https://registry.npmjs.org/concat-map/-/concat-map-0.0.1.tgz"

concat-stream@^1.6.2:
  version "1.6.2"
  resolved "https://registry.npmjs.org/concat-stream/-/concat-stream-1.6.2.tgz"
  dependencies:
    buffer-from "^1.0.0"
    inherits "^2.0.3"
    readable-stream "^2.2.2"
    typedarray "^0.0.6"

console-control-strings@^1.0.0, console-control-strings@~1.1.0:
  version "1.1.0"
  resolved "https://registry.npmjs.org/console-control-strings/-/console-control-strings-1.1.0.tgz"

core-js@^2.5.7:
  version "2.6.10"
  resolved "https://registry.npmjs.org/core-js/-/core-js-2.6.10.tgz"

core-util-is@~1.0.0:
  version "1.0.2"
  resolved "https://registry.npmjs.org/core-util-is/-/core-util-is-1.0.2.tgz"

cycle@~1.0.3:
  version "1.0.3"
  resolved "https://registry.npmjs.org/cycle/-/cycle-1.0.3.tgz"

d@1, d@^1.0.1:
  version "1.0.1"
  resolved "https://registry.npmjs.org/d/-/d-1.0.1.tgz"
  dependencies:
    es5-ext "^0.10.50"
    type "^1.0.1"

debug@^3.1.0, debug@^3.2.6:
  version "3.2.6"
  resolved "https://registry.npmjs.org/debug/-/debug-3.2.6.tgz"
  dependencies:
    ms "^2.1.1"

deep-extend@^0.6.0:
  version "0.6.0"
  resolved "https://registry.npmjs.org/deep-extend/-/deep-extend-0.6.0.tgz"

delegates@^1.0.0:
  version "1.0.0"
  resolved "https://registry.npmjs.org/delegates/-/delegates-1.0.0.tgz"

denque@^1.4.1:
  version "1.4.1"
  resolved "https://registry.npmjs.org/denque/-/denque-1.4.1.tgz"

detect-libc@^1.0.2:
  version "1.0.3"
  resolved "https://registry.npmjs.org/detect-libc/-/detect-libc-1.0.3.tgz"

diagnostics@^1.1.1:
  version "1.1.1"
  resolved "https://registry.npmjs.org/diagnostics/-/diagnostics-1.1.1.tgz"
  dependencies:
    colorspace "1.1.x"
    enabled "1.0.x"
    kuler "1.0.x"

diff@^4.0.1:
  version "4.0.1"
  resolved "https://registry.npmjs.org/diff/-/diff-4.0.1.tgz"

duplexify@^3.5.1, duplexify@^3.6.0:
  version "3.7.1"
  resolved "https://registry.npmjs.org/duplexify/-/duplexify-3.7.1.tgz"
  dependencies:
    end-of-stream "^1.0.0"
    inherits "^2.0.1"
    readable-stream "^2.0.0"
    stream-shift "^1.0.0"

enabled@1.0.x:
  version "1.0.2"
  resolved "https://registry.npmjs.org/enabled/-/enabled-1.0.2.tgz"
  dependencies:
    env-variable "0.0.x"

end-of-stream@^1.0.0, end-of-stream@^1.1.0, end-of-stream@^1.4.1:
  version "1.4.4"
  resolved "https://registry.npmjs.org/end-of-stream/-/end-of-stream-1.4.4.tgz"
  dependencies:
    once "^1.4.0"

env-variable@0.0.x:
  version "0.0.5"
  resolved "https://registry.npmjs.org/env-variable/-/env-variable-0.0.5.tgz"

es5-ext@^0.10.35, es5-ext@^0.10.50, es5-ext@~0.10.14:
  version "0.10.52"
  resolved "https://registry.npmjs.org/es5-ext/-/es5-ext-0.10.52.tgz"
  dependencies:
    es6-iterator "~2.0.3"
    es6-symbol "~3.1.2"
    next-tick "~1.0.0"

es6-iterator@~2.0.1, es6-iterator@~2.0.3:
  version "2.0.3"
  resolved "https://registry.npmjs.org/es6-iterator/-/es6-iterator-2.0.3.tgz"
  dependencies:
    d "1"
    es5-ext "^0.10.35"
    es6-symbol "^3.1.1"

es6-map@^0.1.5:
  version "0.1.5"
  resolved "https://registry.npmjs.org/es6-map/-/es6-map-0.1.5.tgz"
  dependencies:
    d "1"
    es5-ext "~0.10.14"
    es6-iterator "~2.0.1"
    es6-set "~0.1.5"
    es6-symbol "~3.1.1"
    event-emitter "~0.3.5"

es6-set@~0.1.5:
  version "0.1.5"
  resolved "https://registry.npmjs.org/es6-set/-/es6-set-0.1.5.tgz"
  dependencies:
    d "1"
    es5-ext "~0.10.14"
    es6-iterator "~2.0.1"
    es6-symbol "3.1.1"
    event-emitter "~0.3.5"

es6-symbol@3.1.1:
  version "3.1.1"
  resolved "https://registry.npmjs.org/es6-symbol/-/es6-symbol-3.1.1.tgz"
  dependencies:
    d "1"
    es5-ext "~0.10.14"

es6-symbol@^3.1.1, es6-symbol@~3.1.1, es6-symbol@~3.1.2:
  version "3.1.3"
  resolved "https://registry.npmjs.org/es6-symbol/-/es6-symbol-3.1.3.tgz"
  dependencies:
    d "^1.0.1"
    ext "^1.1.2"

esprima@^4.0.0:
  version "4.0.1"
  resolved "https://registry.npmjs.org/esprima/-/esprima-4.0.1.tgz"

event-emitter@~0.3.5:
  version "0.3.5"
  resolved "https://registry.npmjs.org/event-emitter/-/event-emitter-0.3.5.tgz"
  dependencies:
    d "1"
    es5-ext "~0.10.14"

ext@^1.1.2:
  version "1.1.2"
  resolved "https://registry.npmjs.org/ext/-/ext-1.1.2.tgz"
  dependencies:
    type "^2.0.0"

extend@^3.0.0:
  version "3.0.2"
  resolved "https://registry.npmjs.org/extend/-/extend-3.0.2.tgz"

eyes@~0.1.6:
  version "0.1.8"
  resolved "https://registry.npmjs.org/eyes/-/eyes-0.1.8.tgz"

fast-safe-stringify@^2.0.4:
  version "2.0.6"
  resolved "https://registry.npmjs.org/fast-safe-stringify/-/fast-safe-stringify-2.0.6.tgz"

fecha@^2.3.3:
  version "2.3.3"
  resolved "https://registry.npmjs.org/fecha/-/fecha-2.3.3.tgz"

file-stream-rotator@^0.4.1:
  version "0.4.1"
  resolved "https://registry.npmjs.org/file-stream-rotator/-/file-stream-rotator-0.4.1.tgz"
  dependencies:
    moment "^2.11.2"

format-util@^1.0.3:
  version "1.0.3"
  resolved "https://registry.npmjs.org/format-util/-/format-util-1.0.3.tgz"

fs-minipass@^1.2.7:
  version "1.2.7"
  resolved "https://registry.npmjs.org/fs-minipass/-/fs-minipass-1.2.7.tgz"
  dependencies:
    minipass "^2.6.0"

fs.realpath@^1.0.0:
  version "1.0.0"
  resolved "https://registry.npmjs.org/fs.realpath/-/fs.realpath-1.0.0.tgz"

gauge@~2.7.3:
  version "2.7.4"
  resolved "https://registry.npmjs.org/gauge/-/gauge-2.7.4.tgz"
  dependencies:
    aproba "^1.0.3"
    console-control-strings "^1.0.0"
    has-unicode "^2.0.0"
    object-assign "^4.1.0"
    signal-exit "^3.0.0"
    string-width "^1.0.1"
    strip-ansi "^3.0.1"
    wide-align "^1.1.0"

glob-parent@^3.1.0:
  version "3.1.0"
  resolved "https://registry.npmjs.org/glob-parent/-/glob-parent-3.1.0.tgz"
  dependencies:
    is-glob "^3.1.0"
    path-dirname "^1.0.0"

glob-stream@^6.1.0:
  version "6.1.0"
  resolved "https://registry.npmjs.org/glob-stream/-/glob-stream-6.1.0.tgz"
  dependencies:
    extend "^3.0.0"
    glob "^7.1.1"
    glob-parent "^3.1.0"
    is-negated-glob "^1.0.0"
    ordered-read-streams "^1.0.0"
    pumpify "^1.3.5"
    readable-stream "^2.1.5"
    remove-trailing-separator "^1.0.1"
    to-absolute-glob "^2.0.0"
    unique-stream "^2.0.2"

glob@^7.1.1, glob@^7.1.2, glob@^7.1.3:
  version "7.1.3"
  resolved "https://registry.npmjs.org/glob/-/glob-7.1.3.tgz"
  dependencies:
    fs.realpath "^1.0.0"
    inflight "^1.0.4"
    inherits "2"
    minimatch "^3.0.4"
    once "^1.3.0"
    path-is-absolute "^1.0.0"

handlebars@^4.3.3:
  version "4.7.7"
  resolved "https://registry.npmjs.org/handlebars/-/handlebars-4.7.7.tgz"
  dependencies:
    minimist "^1.2.5"
    neo-async "^2.6.0"
    source-map "^0.6.1"
    wordwrap "^1.0.0"
  optionalDependencies:
    uglify-js "^3.1.4"

hapi-swagger@^10.2.0:
  version "10.2.0"
  resolved "https://registry.npmjs.org/hapi-swagger/-/hapi-swagger-10.2.0.tgz"
  dependencies:
    "@hapi/boom" "^7.1.1"
    "@hapi/hoek" "^6.1.2"
    "@hapi/joi" "^15.0.1"
    handlebars "^4.3.3"
    http-status "^1.0.1"
    json-schema-ref-parser "^6.1.0"
    swagger-parser "4.0.2"
    swagger-ui-dist "^3.22.1"

has-unicode@^2.0.0:
  version "2.0.1"
  resolved "https://registry.npmjs.org/has-unicode/-/has-unicode-2.0.1.tgz"

help-me@^1.0.1:
  version "1.1.0"
  resolved "https://registry.npmjs.org/help-me/-/help-me-1.1.0.tgz"
  dependencies:
    callback-stream "^1.0.2"
    glob-stream "^6.1.0"
    through2 "^2.0.1"
    xtend "^4.0.0"

hoek@6.x.x:
  version "6.1.2"
  resolved "https://registry.npmjs.org/hoek/-/hoek-6.1.2.tgz"

http-status@^1.0.1:
  version "1.4.0"
  resolved "https://registry.npmjs.org/http-status/-/http-status-1.4.0.tgz"

iconv-lite@^0.4.4:
  version "0.4.24"
  resolved "https://registry.npmjs.org/iconv-lite/-/iconv-lite-0.4.24.tgz"
  dependencies:
    safer-buffer ">= 2.1.2 < 3"

iconv-lite@^0.5.0:
  version "0.5.0"
  resolved "https://registry.npmjs.org/iconv-lite/-/iconv-lite-0.5.0.tgz"
  dependencies:
    safer-buffer ">= 2.1.2 < 3"

ignore-walk@^3.0.1:
  version "3.0.4"
  resolved "https://registry.npmjs.org/ignore-walk/-/ignore-walk-3.0.4.tgz"
  dependencies:
    minimatch "^3.0.4"

inert@^5.1.3:
  version "5.1.3"
  resolved "https://registry.npmjs.org/inert/-/inert-5.1.3.tgz"
  dependencies:
    ammo "3.x.x"
    boom "7.x.x"
    bounce "1.x.x"
    hoek "6.x.x"
    joi "14.x.x"
    lru-cache "4.1.x"

inflight@^1.0.4:
  version "1.0.6"
  resolved "https://registry.npmjs.org/inflight/-/inflight-1.0.6.tgz"
  dependencies:
    once "^1.3.0"
    wrappy "1"

inherits@2, inherits@2.0.1, inherits@^2.0.1:
  version "2.0.1"
  resolved "https://registry.npmjs.org/inherits/-/inherits-2.0.1.tgz"

inherits@^2.0.3, inherits@~2.0.3:
  version "2.0.4"
  resolved "https://registry.npmjs.org/inherits/-/inherits-2.0.4.tgz"

ini@~1.3.0:
  version "1.3.8"
  resolved "https://registry.npmjs.org/ini/-/ini-1.3.8.tgz"

is-absolute@^1.0.0:
  version "1.0.0"
  resolved "https://registry.npmjs.org/is-absolute/-/is-absolute-1.0.0.tgz"
  dependencies:
    is-relative "^1.0.0"
    is-windows "^1.0.1"

is-arrayish@^0.3.1:
  version "0.3.2"
  resolved "https://registry.npmjs.org/is-arrayish/-/is-arrayish-0.3.2.tgz"

is-extglob@^2.1.0:
  version "2.1.1"
  resolved "https://registry.npmjs.org/is-extglob/-/is-extglob-2.1.1.tgz"

is-fullwidth-code-point@^1.0.0:
  version "1.0.0"
  resolved "https://registry.npmjs.org/is-fullwidth-code-point/-/is-fullwidth-code-point-1.0.0.tgz"
  dependencies:
    number-is-nan "^1.0.0"

is-glob@^3.1.0:
  version "3.1.0"
  resolved "https://registry.npmjs.org/is-glob/-/is-glob-3.1.0.tgz"
  dependencies:
    is-extglob "^2.1.0"

is-negated-glob@^1.0.0:
  version "1.0.0"
  resolved "https://registry.npmjs.org/is-negated-glob/-/is-negated-glob-1.0.0.tgz"

is-relative@^1.0.0:
  version "1.0.0"
  resolved "https://registry.npmjs.org/is-relative/-/is-relative-1.0.0.tgz"
  dependencies:
    is-unc-path "^1.0.0"

is-stream@^1.1.0:
  version "1.1.0"
  resolved "https://registry.npmjs.org/is-stream/-/is-stream-1.1.0.tgz"

is-unc-path@^1.0.0:
  version "1.0.0"
  resolved "https://registry.npmjs.org/is-unc-path/-/is-unc-path-1.0.0.tgz"
  dependencies:
    unc-path-regex "^0.1.2"

is-windows@^1.0.1:
  version "1.0.2"
  resolved "https://registry.npmjs.org/is-windows/-/is-windows-1.0.2.tgz"

isarray@~1.0.0:
  version "1.0.0"
  resolved "https://registry.npmjs.org/isarray/-/isarray-1.0.0.tgz"

isemail@3.x.x:
  version "3.2.0"
  resolved "https://registry.npmjs.org/isemail/-/isemail-3.2.0.tgz"
  dependencies:
    punycode "2.x.x"

items@2.x.x:
  version "2.1.2"
  resolved "https://registry.npmjs.org/items/-/items-2.1.2.tgz"

joi@14.x.x, joi@^14.3.1:
  version "14.3.1"
  resolved "https://registry.npmjs.org/joi/-/joi-14.3.1.tgz"
  dependencies:
    hoek "6.x.x"
    isemail "3.x.x"
    topo "3.x.x"

js-yaml@^3.10.0, js-yaml@^3.12.1:
  version "3.13.1"
  resolved "https://registry.npmjs.org/js-yaml/-/js-yaml-3.13.1.tgz"
  dependencies:
    argparse "^1.0.7"
    esprima "^4.0.0"

json-schema-ref-parser@^4.1.0:
  version "4.1.1"
  resolved "https://registry.npmjs.org/json-schema-ref-parser/-/json-schema-ref-parser-4.1.1.tgz"
  dependencies:
    call-me-maybe "^1.0.1"
    debug "^3.1.0"
    js-yaml "^3.10.0"
    ono "^4.0.3"

json-schema-ref-parser@^6.1.0:
  version "6.1.0"
  resolved "https://registry.npmjs.org/json-schema-ref-parser/-/json-schema-ref-parser-6.1.0.tgz"
  dependencies:
    call-me-maybe "^1.0.1"
    js-yaml "^3.12.1"
    ono "^4.0.11"

json-stable-stringify-without-jsonify@^1.0.1:
  version "1.0.1"
  resolved "https://registry.npmjs.org/json-stable-stringify-without-jsonify/-/json-stable-stringify-without-jsonify-1.0.1.tgz"

kuler@1.0.x:
  version "1.0.1"
  resolved "https://registry.npmjs.org/kuler/-/kuler-1.0.1.tgz"
  dependencies:
    colornames "^1.1.1"

leven@^2.1.0:
  version "2.1.0"
  resolved "https://registry.npmjs.org/leven/-/leven-2.1.0.tgz"

lodash.get@^4.0.0:
  version "4.4.2"
  resolved "https://registry.npmjs.org/lodash.get/-/lodash.get-4.4.2.tgz"

lodash.isequal@^4.0.0:
  version "4.5.0"
  resolved "https://registry.npmjs.org/lodash.isequal/-/lodash.isequal-4.5.0.tgz"

lodash@^4.17.11:
  version "4.17.21"
  resolved "https://registry.npmjs.org/lodash/-/lodash-4.17.21.tgz"

logform@^1.6.0:
  version "1.10.0"
  resolved "https://registry.npmjs.org/logform/-/logform-1.10.0.tgz"
  dependencies:
    colors "^1.2.1"
    fast-safe-stringify "^2.0.4"
    fecha "^2.3.3"
    ms "^2.1.1"
    triple-beam "^1.2.0"

logform@^2.1.1:
  version "2.1.2"
  resolved "https://registry.npmjs.org/logform/-/logform-2.1.2.tgz"
  dependencies:
    colors "^1.2.1"
    fast-safe-stringify "^2.0.4"
    fecha "^2.3.3"
    ms "^2.1.1"
    triple-beam "^1.3.0"

long@^4.0.0:
  version "4.0.0"
  resolved "https://registry.npmjs.org/long/-/long-4.0.0.tgz"

lru-cache@4.1.x:
  version "4.1.5"
  resolved "https://registry.npmjs.org/lru-cache/-/lru-cache-4.1.5.tgz"
  dependencies:
    pseudomap "^1.0.2"
    yallist "^2.1.2"

mariadb@^2.1.2:
  version "2.1.2"
  resolved "https://registry.npmjs.org/mariadb/-/mariadb-2.1.2.tgz"
  dependencies:
    "@types/geojson" "^7946.0.7"
    "@types/node" "^12.7.5"
    denque "^1.4.1"
    iconv-lite "^0.5.0"
    long "^4.0.0"
    moment-timezone "^0.5.26"

mime-db@1.x.x:
  version "1.44.0"
  resolved "https://registry.npmjs.org/mime-db/-/mime-db-1.44.0.tgz"

minimatch@^3.0.4:
  version "3.0.4"
  resolved "https://registry.npmjs.org/minimatch/-/minimatch-3.0.4.tgz"
  dependencies:
    brace-expansion "^1.1.7"

minimist@^1.1.0, minimist@^1.2.0, minimist@^1.2.5:
  version "1.2.5"
  resolved "https://registry.npmjs.org/minimist/-/minimist-1.2.5.tgz"

minipass@^2.6.0, minipass@^2.9.0:
  version "2.9.0"
  resolved "https://registry.npmjs.org/minipass/-/minipass-2.9.0.tgz"
  dependencies:
    safe-buffer "^5.1.2"
    yallist "^3.0.0"

minizlib@^1.3.3:
  version "1.3.3"
  resolved "https://registry.npmjs.org/minizlib/-/minizlib-1.3.3.tgz"
  dependencies:
    minipass "^2.9.0"

mkdirp@^0.5.3, mkdirp@^0.5.5:
  version "0.5.5"
  resolved "https://registry.npmjs.org/mkdirp/-/mkdirp-0.5.5.tgz"
  dependencies:
    minimist "^1.2.5"

moment-timezone@^0.5.26:
  version "0.5.27"
  resolved "https://registry.npmjs.org/moment-timezone/-/moment-timezone-0.5.27.tgz"
  dependencies:
    moment ">= 2.9.0"

"moment@>= 2.9.0", moment@^2.11.2:
  version "2.24.0"
  resolved "https://registry.npmjs.org/moment/-/moment-2.24.0.tgz"

mqtt-packet@^6.0.0:
  version "6.2.1"
  resolved "https://registry.npmjs.org/mqtt-packet/-/mqtt-packet-6.2.1.tgz"
  dependencies:
    bl "^1.2.2"
    inherits "^2.0.3"
    process-nextick-args "^2.0.0"
    safe-buffer "^5.1.2"

mqtt@^3.0.0:
  version "3.0.0"
  resolved "https://registry.npmjs.org/mqtt/-/mqtt-3.0.0.tgz"
  dependencies:
    base64-js "^1.3.0"
    commist "^1.0.0"
    concat-stream "^1.6.2"
    end-of-stream "^1.4.1"
    es6-map "^0.1.5"
    help-me "^1.0.1"
    inherits "^2.0.3"
    minimist "^1.2.0"
    mqtt-packet "^6.0.0"
    pump "^3.0.0"
    readable-stream "^2.3.6"
    reinterval "^1.1.0"
    split2 "^3.1.0"
    websocket-stream "^5.1.2"
    xtend "^4.0.1"

ms@^2.1.1:
  version "2.1.1"
  resolved "https://registry.npmjs.org/ms/-/ms-2.1.1.tgz"

needle@^2.5.0:
  version "2.9.1"
  resolved "https://registry.npmjs.org/needle/-/needle-2.9.1.tgz"
  dependencies:
    debug "^3.2.6"
    iconv-lite "^0.4.4"
    sax "^1.2.4"

neo-async@^2.6.0:
  version "2.6.1"
  resolved "https://registry.npmjs.org/neo-async/-/neo-async-2.6.1.tgz"

next-tick@~1.0.0:
  version "1.0.0"
  resolved "https://registry.npmjs.org/next-tick/-/next-tick-1.0.0.tgz"

node-addon-api@^3.0.0:
  version "3.2.1"
  resolved "https://registry.npmjs.org/node-addon-api/-/node-addon-api-3.2.1.tgz"

node-pre-gyp@0.15.0:
  version "0.15.0"
  resolved "https://registry.npmjs.org/node-pre-gyp/-/node-pre-gyp-0.15.0.tgz"
  dependencies:
    detect-libc "^1.0.2"
    mkdirp "^0.5.3"
    needle "^2.5.0"
    nopt "^4.0.1"
    npm-packlist "^1.1.6"
    npmlog "^4.0.2"
    rc "^1.2.7"
    rimraf "^2.6.1"
    semver "^5.3.0"
    tar "^4.4.2"

nopt@^4.0.1:
  version "4.0.3"
  resolved "https://registry.npmjs.org/nopt/-/nopt-4.0.3.tgz"
  dependencies:
    abbrev "1"
    osenv "^0.1.4"

npm-bundled@^1.0.1:
  version "1.1.2"
  resolved "https://registry.npmjs.org/npm-bundled/-/npm-bundled-1.1.2.tgz"
  dependencies:
    npm-normalize-package-bin "^1.0.1"

npm-normalize-package-bin@^1.0.1:
  version "1.0.1"
  resolved "https://registry.npmjs.org/npm-normalize-package-bin/-/npm-normalize-package-bin-1.0.1.tgz"

npm-packlist@^1.1.6:
  version "1.4.8"
  resolved "https://registry.npmjs.org/npm-packlist/-/npm-packlist-1.4.8.tgz"
  dependencies:
    ignore-walk "^3.0.1"
    npm-bundled "^1.0.1"
    npm-normalize-package-bin "^1.0.1"

npmlog@^4.0.2:
  version "4.1.2"
  resolved "https://registry.npmjs.org/npmlog/-/npmlog-4.1.2.tgz"
  dependencies:
    are-we-there-yet "~1.1.2"
    console-control-strings "~1.1.0"
    gauge "~2.7.3"
    set-blocking "~2.0.0"

number-is-nan@^1.0.0:
  version "1.0.1"
  resolved "https://registry.npmjs.org/number-is-nan/-/number-is-nan-1.0.1.tgz"

object-assign@^4.1.0, object-assign@^4.1.1:
  version "4.1.1"
  resolved "https://registry.npmjs.org/object-assign/-/object-assign-4.1.1.tgz"

object-hash@^1.3.0:
  version "1.3.1"
  resolved "https://registry.npmjs.org/object-hash/-/object-hash-1.3.1.tgz"

once@^1.3.0, once@^1.3.1, once@^1.4.0:
  version "1.4.0"
  resolved "https://registry.npmjs.org/once/-/once-1.4.0.tgz"
  dependencies:
    wrappy "1"

one-time@0.0.4:
  version "0.0.4"
  resolved "https://registry.npmjs.org/one-time/-/one-time-0.0.4.tgz"

ono@^4.0.11, ono@^4.0.3:
  version "4.0.11"
  resolved "https://registry.npmjs.org/ono/-/ono-4.0.11.tgz"
  dependencies:
    format-util "^1.0.3"

ordered-read-streams@^1.0.0:
  version "1.0.1"
  resolved "https://registry.npmjs.org/ordered-read-streams/-/ordered-read-streams-1.0.1.tgz"
  dependencies:
    readable-stream "^2.0.1"

os-homedir@^1.0.0:
  version "1.0.2"
  resolved "https://registry.npmjs.org/os-homedir/-/os-homedir-1.0.2.tgz"

os-tmpdir@^1.0.0:
  version "1.0.2"
  resolved "https://registry.npmjs.org/os-tmpdir/-/os-tmpdir-1.0.2.tgz"

osenv@^0.1.4:
  version "0.1.5"
  resolved "https://registry.npmjs.org/osenv/-/osenv-0.1.5.tgz"
  dependencies:
    os-homedir "^1.0.0"
    os-tmpdir "^1.0.0"

packet-reader@1.0.0:
  version "1.0.0"
  resolved "https://registry.npmjs.org/packet-reader/-/packet-reader-1.0.0.tgz"

path-dirname@^1.0.0:
  version "1.0.2"
  resolved "https://registry.npmjs.org/path-dirname/-/path-dirname-1.0.2.tgz"

path-is-absolute@^1.0.0:
  version "1.0.1"
  resolved "https://registry.npmjs.org/path-is-absolute/-/path-is-absolute-1.0.1.tgz"

pg-connection-string@0.1.3:
  version "0.1.3"
  resolved "https://registry.npmjs.org/pg-connection-string/-/pg-connection-string-0.1.3.tgz"

pg-int8@1.0.1:
  version "1.0.1"
  resolved "https://registry.npmjs.org/pg-int8/-/pg-int8-1.0.1.tgz"

pg-pool@^2.0.4:
  version "2.0.7"
  resolved "https://registry.npmjs.org/pg-pool/-/pg-pool-2.0.7.tgz"

pg-types@^2.1.0:
  version "2.2.0"
  resolved "https://registry.npmjs.org/pg-types/-/pg-types-2.2.0.tgz"
  dependencies:
    pg-int8 "1.0.1"
    postgres-array "~2.0.0"
    postgres-bytea "~1.0.0"
    postgres-date "~1.0.4"
    postgres-interval "^1.1.0"

pg@^7.12.1:
  version "7.12.1"
  resolved "https://registry.npmjs.org/pg/-/pg-7.12.1.tgz"
  dependencies:
    buffer-writer "2.0.0"
    packet-reader "1.0.0"
    pg-connection-string "0.1.3"
    pg-pool "^2.0.4"
    pg-types "^2.1.0"
    pgpass "1.x"
    semver "4.3.2"

pgpass@1.x:
  version "1.0.2"
  resolved "https://registry.npmjs.org/pgpass/-/pgpass-1.0.2.tgz"
  dependencies:
    split "^1.0.0"

postgres-array@~2.0.0:
  version "2.0.0"
  resolved "https://registry.npmjs.org/postgres-array/-/postgres-array-2.0.0.tgz"

postgres-bytea@~1.0.0:
  version "1.0.0"
  resolved "https://registry.npmjs.org/postgres-bytea/-/postgres-bytea-1.0.0.tgz"

postgres-date@~1.0.4:
  version "1.0.4"
  resolved "https://registry.npmjs.org/postgres-date/-/postgres-date-1.0.4.tgz"

postgres-interval@^1.1.0:
  version "1.2.0"
  resolved "https://registry.npmjs.org/postgres-interval/-/postgres-interval-1.2.0.tgz"
  dependencies:
    xtend "^4.0.0"

process-nextick-args@^2.0.0, process-nextick-args@~2.0.0:
  version "2.0.0"
  resolved "https://registry.npmjs.org/process-nextick-args/-/process-nextick-args-2.0.0.tgz"

pseudomap@^1.0.2:
  version "1.0.2"
  resolved "https://registry.npmjs.org/pseudomap/-/pseudomap-1.0.2.tgz"

pump@^2.0.0:
  version "2.0.1"
  resolved "https://registry.npmjs.org/pump/-/pump-2.0.1.tgz"
  dependencies:
    end-of-stream "^1.1.0"
    once "^1.3.1"

pump@^3.0.0:
  version "3.0.0"
  resolved "https://registry.npmjs.org/pump/-/pump-3.0.0.tgz"
  dependencies:
    end-of-stream "^1.1.0"
    once "^1.3.1"

pumpify@^1.3.5:
  version "1.5.1"
  resolved "https://registry.npmjs.org/pumpify/-/pumpify-1.5.1.tgz"
  dependencies:
    duplexify "^3.6.0"
    inherits "^2.0.3"
    pump "^2.0.0"

punycode@2.x.x:
  version "2.1.1"
  resolved "https://registry.npmjs.org/punycode/-/punycode-2.1.1.tgz"

rc@^1.2.7:
  version "1.2.8"
  resolved "https://registry.npmjs.org/rc/-/rc-1.2.8.tgz"
  dependencies:
    deep-extend "^0.6.0"
    ini "~1.3.0"
    minimist "^1.2.0"
    strip-json-comments "~2.0.1"

"readable-stream@> 1.0.0 < 3.0.0", readable-stream@^2.0.0, readable-stream@^2.0.1, readable-stream@^2.1.5, readable-stream@^2.2.2, readable-stream@^2.3.3, readable-stream@^2.3.6, readable-stream@~2.3.6:
  version "2.3.6"
  resolved "https://registry.npmjs.org/readable-stream/-/readable-stream-2.3.6.tgz"
  dependencies:
    core-util-is "~1.0.0"
    inherits "~2.0.3"
    isarray "~1.0.0"
    process-nextick-args "~2.0.0"
    safe-buffer "~5.1.1"
    string_decoder "~1.1.1"
    util-deprecate "~1.0.1"

readable-stream@^2.0.6, readable-stream@^2.3.5:
  version "2.3.7"
  resolved "https://registry.npmjs.org/readable-stream/-/readable-stream-2.3.7.tgz"
  dependencies:
    core-util-is "~1.0.0"
    inherits "~2.0.3"
    isarray "~1.0.0"
    process-nextick-args "~2.0.0"
    safe-buffer "~5.1.1"
    string_decoder "~1.1.1"
    util-deprecate "~1.0.1"

readable-stream@^3.0.0, readable-stream@^3.1.1:
  version "3.2.0"
  resolved "https://registry.npmjs.org/readable-stream/-/readable-stream-3.2.0.tgz"
  dependencies:
    inherits "^2.0.3"
    string_decoder "^1.1.1"
    util-deprecate "^1.0.1"

reinterval@^1.1.0:
  version "1.1.0"
  resolved "https://registry.npmjs.org/reinterval/-/reinterval-1.1.0.tgz"

remove-trailing-separator@^1.0.1:
  version "1.1.0"
  resolved "https://registry.npmjs.org/remove-trailing-separator/-/remove-trailing-separator-1.1.0.tgz"

rimraf@^2.6.1:
  version "2.7.1"
  resolved "https://registry.npmjs.org/rimraf/-/rimraf-2.7.1.tgz"
  dependencies:
    glob "^7.1.3"

safe-buffer@^5.1.1, safe-buffer@^5.1.2, safe-buffer@~5.1.0, safe-buffer@~5.1.1:
  version "5.1.2"
  resolved "https://registry.npmjs.org/safe-buffer/-/safe-buffer-5.1.2.tgz"

safe-buffer@^5.2.1:
  version "5.2.1"
  resolved "https://registry.npmjs.org/safe-buffer/-/safe-buffer-5.2.1.tgz"

"safer-buffer@>= 2.1.2 < 3":
  version "2.1.2"
  resolved "https://registry.npmjs.org/safer-buffer/-/safer-buffer-2.1.2.tgz"

sax@^1.2.4:
  version "1.2.4"
  resolved "https://registry.npmjs.org/sax/-/sax-1.2.4.tgz"

semver@4.3.2:
  version "4.3.2"
  resolved "https://registry.npmjs.org/semver/-/semver-4.3.2.tgz"

semver@^5.3.0:
  version "5.7.1"
  resolved "https://registry.npmjs.org/semver/-/semver-5.7.1.tgz"

semver@^6.2.0:
  version "6.3.0"
  resolved "https://registry.npmjs.org/semver/-/semver-6.3.0.tgz"

set-blocking@~2.0.0:
  version "2.0.0"
  resolved "https://registry.npmjs.org/set-blocking/-/set-blocking-2.0.0.tgz"

signal-exit@^3.0.0:
  version "3.0.7"
  resolved "https://registry.npmjs.org/signal-exit/-/signal-exit-3.0.7.tgz"

simple-swizzle@^0.2.2:
  version "0.2.2"
  resolved "https://registry.npmjs.org/simple-swizzle/-/simple-swizzle-0.2.2.tgz"
  dependencies:
    is-arrayish "^0.3.1"

source-map@^0.6.1, source-map@~0.6.1:
  version "0.6.1"
  resolved "https://registry.npmjs.org/source-map/-/source-map-0.6.1.tgz"

split2@^3.1.0:
  version "3.1.1"
  resolved "https://registry.npmjs.org/split2/-/split2-3.1.1.tgz"
  dependencies:
    readable-stream "^3.0.0"

split@^1.0.0:
  version "1.0.1"
  resolved "https://registry.npmjs.org/split/-/split-1.0.1.tgz"
  dependencies:
    through "2"

sprintf-js@~1.0.2:
  version "1.0.3"
  resolved "https://registry.npmjs.org/sprintf-js/-/sprintf-js-1.0.3.tgz"

stack-trace@0.0.x:
  version "0.0.10"
  resolved "https://registry.npmjs.org/stack-trace/-/stack-trace-0.0.10.tgz"

stream-shift@^1.0.0:
  version "1.0.0"
  resolved "https://registry.npmjs.org/stream-shift/-/stream-shift-1.0.0.tgz"

string-width@^1.0.1, "string-width@^1.0.2 || 2 || 3 || 4":
  version "1.0.2"
  resolved "https://registry.npmjs.org/string-width/-/string-width-1.0.2.tgz"
  dependencies:
    code-point-at "^1.0.0"
    is-fullwidth-code-point "^1.0.0"
    strip-ansi "^3.0.0"

string_decoder@^1.1.1:
  version "1.2.0"
  resolved "https://registry.npmjs.org/string_decoder/-/string_decoder-1.2.0.tgz"
  dependencies:
    safe-buffer "~5.1.0"

string_decoder@~1.1.1:
  version "1.1.1"
  resolved "https://registry.npmjs.org/string_decoder/-/string_decoder-1.1.1.tgz"
  dependencies:
    safe-buffer "~5.1.0"

strip-ansi@^3.0.0, strip-ansi@^3.0.1:
  version "3.0.1"
  resolved "https://registry.npmjs.org/strip-ansi/-/strip-ansi-3.0.1.tgz"
  dependencies:
    ansi-regex "^2.0.0"

strip-json-comments@~2.0.1:
  version "2.0.1"
  resolved "https://registry.npmjs.org/strip-json-comments/-/strip-json-comments-2.0.1.tgz"

swagger-methods@^1.0.4:
  version "1.0.8"
  resolved "https://registry.npmjs.org/swagger-methods/-/swagger-methods-1.0.8.tgz"

swagger-parser@4.0.2:
  version "4.0.2"
  resolved "https://registry.npmjs.org/swagger-parser/-/swagger-parser-4.0.2.tgz"
  dependencies:
    call-me-maybe "^1.0.1"
    debug "^3.1.0"
    json-schema-ref-parser "^4.1.0"
    ono "^4.0.3"
    swagger-methods "^1.0.4"
    swagger-schema-official "2.0.0-bab6bed"
    z-schema "^3.19.0"

swagger-schema-official@2.0.0-bab6bed:
  version "2.0.0-bab6bed"
  resolved "https://registry.npmjs.org/swagger-schema-official/-/swagger-schema-official-2.0.0-bab6bed.tgz"

swagger-ui-dist@^3.22.1:
  version "3.24.0"
  resolved "https://registry.npmjs.org/swagger-ui-dist/-/swagger-ui-dist-3.24.0.tgz"

tar@^4.4.2:
  version "4.4.19"
  resolved "https://registry.npmjs.org/tar/-/tar-4.4.19.tgz"
  dependencies:
    chownr "^1.1.4"
    fs-minipass "^1.2.7"
    minipass "^2.9.0"
    minizlib "^1.3.3"
    mkdirp "^0.5.5"
    safe-buffer "^5.2.1"
    yallist "^3.1.1"

text-hex@1.0.x:
  version "1.0.0"
  resolved "https://registry.npmjs.org/text-hex/-/text-hex-1.0.0.tgz"

through2-filter@^3.0.0:
  version "3.0.0"
  resolved "https://registry.npmjs.org/through2-filter/-/through2-filter-3.0.0.tgz"
  dependencies:
    through2 "~2.0.0"
    xtend "~4.0.0"

through2@^2.0.1, through2@~2.0.0:
  version "2.0.5"
  resolved "https://registry.npmjs.org/through2/-/through2-2.0.5.tgz"
  dependencies:
    readable-stream "~2.3.6"
    xtend "~4.0.1"

through@2:
  version "2.3.8"
  resolved "https://registry.npmjs.org/through/-/through-2.3.8.tgz"

to-absolute-glob@^2.0.0:
  version "2.0.2"
  resolved "https://registry.npmjs.org/to-absolute-glob/-/to-absolute-glob-2.0.2.tgz"
  dependencies:
    is-absolute "^1.0.0"
    is-negated-glob "^1.0.0"

topo@3.x.x:
  version "3.0.3"
  resolved "https://registry.npmjs.org/topo/-/topo-3.0.3.tgz"
  dependencies:
    hoek "6.x.x"

triple-beam@^1.2.0, triple-beam@^1.3.0:
  version "1.3.0"
  resolved "https://registry.npmjs.org/triple-beam/-/triple-beam-1.3.0.tgz"

type@^1.0.1:
  version "1.2.0"
  resolved "https://registry.npmjs.org/type/-/type-1.2.0.tgz"

type@^2.0.0:
  version "2.0.0"
  resolved "https://registry.npmjs.org/type/-/type-2.0.0.tgz"

typedarray@^0.0.6:
  version "0.0.6"
  resolved "https://registry.npmjs.org/typedarray/-/typedarray-0.0.6.tgz"

uglify-js@^3.1.4:
  version "3.6.5"
  resolved "https://registry.npmjs.org/uglify-js/-/uglify-js-3.6.5.tgz"
  dependencies:
    commander "~2.20.3"
    source-map "~0.6.1"

ultron@~1.1.0:
  version "1.1.1"
  resolved "https://registry.npmjs.org/ultron/-/ultron-1.1.1.tgz"

unc-path-regex@^0.1.2:
  version "0.1.2"
  resolved "https://registry.npmjs.org/unc-path-regex/-/unc-path-regex-0.1.2.tgz"

unique-stream@^2.0.2:
  version "2.3.1"
  resolved "https://registry.npmjs.org/unique-stream/-/unique-stream-2.3.1.tgz"
  dependencies:
    json-stable-stringify-without-jsonify "^1.0.1"
    through2-filter "^3.0.0"

util-deprecate@^1.0.1, util-deprecate@~1.0.1:
  version "1.0.2"
  resolved "https://registry.npmjs.org/util-deprecate/-/util-deprecate-1.0.2.tgz"

util@0.10.3:
  version "0.10.3"
  resolved "https://registry.npmjs.org/util/-/util-0.10.3.tgz"
  dependencies:
    inherits "2.0.1"

validator@^10.0.0:
  version "10.11.0"
  resolved "https://registry.npmjs.org/validator/-/validator-10.11.0.tgz"

vision@^5.4.4:
  version "5.4.4"
  resolved "https://registry.npmjs.org/vision/-/vision-5.4.4.tgz"
  dependencies:
    boom "7.x.x"
    hoek "6.x.x"
    items "2.x.x"
    joi "14.x.x"

vows@^0.8.3:
  version "0.8.3"
  resolved "https://registry.npmjs.org/vows/-/vows-0.8.3.tgz"
  dependencies:
    diff "^4.0.1"
    eyes "~0.1.6"
    glob "^7.1.2"

websocket-stream@^5.1.2:
  version "5.5.0"
  resolved "https://registry.npmjs.org/websocket-stream/-/websocket-stream-5.5.0.tgz"
  dependencies:
    duplexify "^3.5.1"
    inherits "^2.0.1"
    readable-stream "^2.3.3"
    safe-buffer "^5.1.2"
    ws "^3.2.0"
    xtend "^4.0.0"

wide-align@^1.1.0:
  version "1.1.5"
  resolved "https://registry.npmjs.org/wide-align/-/wide-align-1.1.5.tgz"
  dependencies:
    string-width "^1.0.2 || 2 || 3 || 4"

winston-compat@^0.1.4:
  version "0.1.4"
  resolved "https://registry.npmjs.org/winston-compat/-/winston-compat-0.1.4.tgz"
  dependencies:
    cycle "~1.0.3"
    logform "^1.6.0"
    triple-beam "^1.2.0"

winston-daily-rotate-file@^3.10.0:
  version "3.10.0"
  resolved "https://registry.npmjs.org/winston-daily-rotate-file/-/winston-daily-rotate-file-3.10.0.tgz"
  dependencies:
    file-stream-rotator "^0.4.1"
    object-hash "^1.3.0"
    semver "^6.2.0"
    triple-beam "^1.3.0"
    winston-compat "^0.1.4"
    winston-transport "^4.2.0"

winston-transport@^4.2.0, winston-transport@^4.3.0:
  version "4.3.0"
  resolved "https://registry.npmjs.org/winston-transport/-/winston-transport-4.3.0.tgz"
  dependencies:
    readable-stream "^2.3.6"
    triple-beam "^1.2.0"

winston@^3.2.1:
  version "3.2.1"
  resolved "https://registry.npmjs.org/winston/-/winston-3.2.1.tgz"
  dependencies:
    async "^2.6.1"
    diagnostics "^1.1.1"
    is-stream "^1.1.0"
    logform "^2.1.1"
    one-time "0.0.4"
    readable-stream "^3.1.1"
    stack-trace "0.0.x"
    triple-beam "^1.3.0"
    winston-transport "^4.3.0"

wordwrap@^1.0.0:
  version "1.0.0"
  resolved "https://registry.npmjs.org/wordwrap/-/wordwrap-1.0.0.tgz"

wrappy@1:
  version "1.0.2"
  resolved "https://registry.npmjs.org/wrappy/-/wrappy-1.0.2.tgz"

ws@^3.2.0:
  version "3.3.3"
  resolved "https://registry.npmjs.org/ws/-/ws-3.3.3.tgz"
  dependencies:
    async-limiter "~1.0.0"
    safe-buffer "~5.1.0"
    ultron "~1.1.0"

xtend@^4.0.0, xtend@^4.0.1, xtend@~4.0.0, xtend@~4.0.1:
  version "4.0.1"
  resolved "https://registry.npmjs.org/xtend/-/xtend-4.0.1.tgz"

yallist@^2.1.2:
  version "2.1.2"
  resolved "https://registry.npmjs.org/yallist/-/yallist-2.1.2.tgz"

yallist@^3.0.0, yallist@^3.1.1:
  version "3.1.1"
  resolved "https://registry.npmjs.org/yallist/-/yallist-3.1.1.tgz"

z-schema@^3.19.0:
  version "3.25.1"
  resolved "https://registry.npmjs.org/z-schema/-/z-schema-3.25.1.tgz"
  dependencies:
    core-js "^2.5.7"
    lodash.get "^4.0.0"
    lodash.isequal "^4.0.0"
    validator "^10.0.0"
  optionalDependencies:
    commander "^2.7.1"
